<?xml version="1.0" encoding="utf-8"?>
<Project ToolsVersion="4.0" xmlns="http://schemas.microsoft.com/developer/msbuild/2003">
  <ItemGroup>
    <Filter Include="Control">
      <UniqueIdentifier>{3f069602-3ced-4f58-90a7-f411491dee43}</UniqueIdentifier>
    </Filter>
    <Filter Include="Core">
      <UniqueIdentifier>{39892969-b85a-4414-bb79-76e5a438e6cd}</UniqueIdentifier>
    </Filter>
    <Filter Include="Layout">
      <UniqueIdentifier>{3bbf4005-2893-477a-9b0f-307dc88e8d3c}</UniqueIdentifier>
    </Filter>
    <Filter Include="Utils">
      <UniqueIdentifier>{4585a7f8-fdc9-4087-871f-da6f1e1714a1}</UniqueIdentifier>
    </Filter>
  </ItemGroup>
  <ItemGroup>
    <ClCompile Include="stdafx.cpp" />
    <ClCompile Include="IUI.cpp" />
    <ClCompile Include="Control\UICombo.cpp">
      <Filter>Control</Filter>
    </ClCompile>
    <ClCompile Include="Control\UIComboBox.cpp">
      <Filter>Control</Filter>
    </ClCompile>
    <ClCompile Include="Control\UIDateTime.cpp">
      <Filter>Control</Filter>
    </ClCompile>
    <ClCompile Include="Control\UIList.cpp">
      <Filter>Control</Filter>
    </ClCompile>
    <ClCompile Include="Control\UIMenu.cpp">
      <Filter>Control</Filter>
    </ClCompile>
    <ClCompile Include="Control\UIProgressButton.cpp">
      <Filter>Control</Filter>
    </ClCompile>
    <ClCompile Include="Control\UIRichEdit.cpp">
      <Filter>Control</Filter>
    </ClCompile>
    <ClCompile Include="Control\UIScrollBar.cpp">
      <Filter>Control</Filter>
    </ClCompile>
    <ClCompile Include="Control\UISlider.cpp">
      <Filter>Control</Filter>
    </ClCompile>
    <ClCompile Include="Control\UITreeView.cpp">
      <Filter>Control</Filter>
    </ClCompile>
    <ClCompile Include="Control\UIWindow.cpp">
      <Filter>Control</Filter>
    </ClCompile>
    <ClCompile Include="Core\MemStdioFile.cpp">
      <Filter>Core</Filter>
    </ClCompile>
    <ClCompile Include="Core\ParseLanguageFile.cpp">
      <Filter>Core</Filter>
    </ClCompile>
    <ClCompile Include="Core\ParseResourceFile.cpp">
      <Filter>Core</Filter>
    </ClCompile>
    <ClCompile Include="Core\UIControlProp.cpp">
      <Filter>Core</Filter>
    </ClCompile>
    <ClCompile Include="Core\UIMarkup.cpp">
      <Filter>Core</Filter>
    </ClCompile>
    <ClCompile Include="Core\UIMenuBuilder.cpp">
      <Filter>Core</Filter>
    </ClCompile>
    <ClCompile Include="Core\UIRender.cpp">
      <Filter>Core</Filter>
    </ClCompile>
    <ClCompile Include="Core\UIVariant.cpp">
      <Filter>Core</Filter>
    </ClCompile>
    <ClCompile Include="Layout\UIChildLayout.cpp">
      <Filter>Layout</Filter>
    </ClCompile>
    <ClCompile Include="Layout\UIHorizontalLayout.cpp">
      <Filter>Layout</Filter>
    </ClCompile>
    <ClCompile Include="Layout\UITileLayout.cpp">
      <Filter>Layout</Filter>
    </ClCompile>
    <ClCompile Include="Layout\UIVerticalLayout.cpp">
      <Filter>Layout</Filter>
    </ClCompile>
    <ClCompile Include="Utils\DropTargetEx.cpp">
      <Filter>Utils</Filter>
    </ClCompile>
    <ClCompile Include="Utils\stb_image.c">
      <Filter>Utils</Filter>
    </ClCompile>
    <ClCompile Include="Utils\UIColorDialog.cpp">
      <Filter>Utils</Filter>
    </ClCompile>
    <ClCompile Include="Utils\UIDelegate.cpp">
      <Filter>Utils</Filter>
    </ClCompile>
    <ClCompile Include="Utils\UIDialog.cpp">
      <Filter>Utils</Filter>
    </ClCompile>
    <ClCompile Include="Utils\UIFileDialog.cpp">
      <Filter>Utils</Filter>
    </ClCompile>
    <ClCompile Include="Utils\UIFontDialog.cpp">
      <Filter>Utils</Filter>
    </ClCompile>
    <ClCompile Include="Utils\UIToolTipWnd.cpp">
      <Filter>Utils</Filter>
    </ClCompile>
    <ClCompile Include="Utils\Utils.cpp">
      <Filter>Utils</Filter>
    </ClCompile>
    <ClCompile Include="Utils\XUnzip.cpp">
      <Filter>Utils</Filter>
    </ClCompile>
    <ClCompile Include="Core\Global.cpp">
      <Filter>Core</Filter>
    </ClCompile>
    <ClCompile Include="Core\UIParse.cpp">
      <Filter>Core</Filter>
    </ClCompile>
    <ClCompile Include="Core\WLWnd.cpp">
      <Filter>Core</Filter>
    </ClCompile>
    <ClCompile Include="Control\Label.cpp">
      <Filter>Control</Filter>
    </ClCompile>
    <ClCompile Include="Core\Window.cpp">
      <Filter>Core</Filter>
    </ClCompile>
    <ClCompile Include="Core\WindowHelper.cpp">
      <Filter>Core</Filter>
    </ClCompile>
    <ClCompile Include="Layout\Canvas.cpp">
      <Filter>Layout</Filter>
    </ClCompile>
    <ClCompile Include="Layout\TabControl.cpp">
      <Filter>Layout</Filter>
    </ClCompile>
    <ClCompile Include="Control\Button.cpp">
      <Filter>Control</Filter>
    </ClCompile>
    <ClCompile Include="Control\ProgressBar.cpp">
      <Filter>Control</Filter>
    </ClCompile>
    <ClCompile Include="Control\RadioButton.cpp">
      <Filter>Control</Filter>
    </ClCompile>
    <ClCompile Include="Core\IUIImage.cpp">
      <Filter>Core</Filter>
    </ClCompile>
    <ClCompile Include="Control\CheckBox.cpp">
      <Filter>Control</Filter>
    </ClCompile>
    <ClCompile Include="Control\ToggleButton.cpp">
      <Filter>Control</Filter>
    </ClCompile>
    <ClCompile Include="Core\Render.cpp">
      <Filter>Core</Filter>
    </ClCompile>
    <ClCompile Include="Core\Animation.cpp">
      <Filter>Core</Filter>
    </ClCompile>
  </ItemGroup>
  <ItemGroup>
    <ClInclude Include="stdafx.h" />
    <ClInclude Include="resource.h" />
    <ClInclude Include="Utils\DropTargetEx.h">
      <Filter>Utils</Filter>
    </ClInclude>
    <ClInclude Include="IUI.h" />
  </ItemGroup>
  <ItemGroup>
    <Text Include="ReadMe.txt" />
  </ItemGroup>
  <ItemGroup>
    <ResourceCompile Include="IUI.rc" />
  </ItemGroup>
</Project>